
Microsoft Visual Studio Solution File, Format Version 12.00
# Visual Studio Version 17
VisualStudioVersion = 17.2.32526.322
MinimumVisualStudioVersion = 10.0.40219.1
Project("{FAE04EC0-301F-11D3-BF4B-00C04F79EFBC}") = "Projeto_Teste", "Projeto_Teste\Projeto_Teste.csproj", "{438E7791-ACAF-4966-8E54-2EAB67935AB3}"
EndProject
Project("{FAE04EC0-301F-11D3-BF4B-00C04F79EFBC}") = "TesteMSTest", "TesteMSTest\TesteMSTest.csproj", "{AA283BDD-C5C8-410E-A149-062B6684A199}"
EndProject
Project("{FAE04EC0-301F-11D3-BF4B-00C04F79EFBC}") = "TestXunit", "TestXunit\TestXunit.csproj", "{F16EE922-42C6-414A-925A-70D4B9A3C1F6}"
EndProject
Global
	GlobalSection(SolutionConfigurationPlatforms) = preSolution
		Debug|Any CPU = Debug|Any CPU
		Release|Any CPU = Release|Any CPU
	EndGlobalSection
	GlobalSection(ProjectConfigurationPlatforms) = postSolution
		{438E7791-ACAF-4966-8E54-2EAB67935AB3}.Debug|Any CPU.ActiveCfg = Debug|Any CPU
		{438E7791-ACAF-4966-8E54-2EAB67935AB3}.Debug|Any CPU.Build.0 = Debug|Any CPU
		{438E7791-ACAF-4966-8E54-2EAB67935AB3}.Release|Any CPU.ActiveCfg = Release|Any CPU
		{438E7791-ACAF-4966-8E54-2EAB67935AB3}.Release|Any CPU.Build.0 = Release|Any CPU
		{AA283BDD-C5C8-410E-A149-062B6684A199}.Debug|Any CPU.ActiveCfg = Debug|Any CPU
		{AA283BDD-C5C8-410E-A149-062B6684A199}.Debug|Any CPU.Build.0 = Debug|Any CPU
		{AA283BDD-C5C8-410E-A149-062B6684A199}.Release|Any CPU.ActiveCfg = Release|Any CPU
		{AA283BDD-C5C8-410E-A149-062B6684A199}.Release|Any CPU.Build.0 = Release|Any CPU
		{F16EE922-42C6-414A-925A-70D4B9A3C1F6}.Debug|Any CPU.ActiveCfg = Debug|Any CPU
		{F16EE922-42C6-414A-925A-70D4B9A3C1F6}.Debug|Any CPU.Build.0 = Debug|Any CPU
		{F16EE922-42C6-414A-925A-70D4B9A3C1F6}.Release|Any CPU.ActiveCfg = Release|Any CPU
		{F16EE922-42C6-414A-925A-70D4B9A3C1F6}.Release|Any CPU.Build.0 = Release|Any CPU
	EndGlobalSection
	GlobalSection(SolutionProperties) = preSolution
		HideSolutionNode = FALSE
	EndGlobalSection
	GlobalSection(ExtensibilityGlobals) = postSolution
		SolutionGuid = {A856607E-4214-4ECD-86D6-257F50EDEB3B}
	EndGlobalSection
EndGlobal
